
Microsoft Visual Studio Solution File, Format Version 12.00
# Visual Studio Version 17
VisualStudioVersion = 17.2.32630.192
MinimumVisualStudioVersion = 10.0.40219.1
Project("{FAE04EC0-301F-11D3-BF4B-00C04F79EFBC}") = "CarpetCostCalculator", "CarpetCostCalculator.csproj", "{5DC1CE5E-C96D-44CA-8D06-22AD8310643B}"
EndProject
Global
	GlobalSection(SolutionConfigurationPlatforms) = preSolution
		Debug|Any CPU = Debug|Any CPU
		Release|Any CPU = Release|Any CPU
	EndGlobalSection
	GlobalSection(ProjectConfigurationPlatforms) = postSolution
		{5DC1CE5E-C96D-44CA-8D06-22AD8310643B}.Debug|Any CPU.ActiveCfg = Debug|Any CPU
		{5DC1CE5E-C96D-44CA-8D06-22AD8310643B}.Debug|Any CPU.Build.0 = Debug|Any CPU
		{5DC1CE5E-C96D-44CA-8D06-22AD8310643B}.Release|Any CPU.ActiveCfg = Release|Any CPU
		{5DC1CE5E-C96D-44CA-8D06-22AD8310643B}.Release|Any CPU.Build.0 = Release|Any CPU
	EndGlobalSection
	GlobalSection(SolutionProperties) = preSolution
		HideSolutionNode = FALSE
	EndGlobalSection
	GlobalSection(ExtensibilityGlobals) = postSolution
		SolutionGuid = {B7BC7430-BECB-48AF-AAE3-478F9AF101F7}
	EndGlobalSection
EndGlobal
